
Microsoft Visual Studio Solution File, Format Version 12.00
# Visual Studio Version 16
VisualStudioVersion = 16.0.29519.87
MinimumVisualStudioVersion = 10.0.40219.1
Project("{FAE04EC0-301F-11D3-BF4B-00C04F79EFBC}") = "ExpressionTrees", "ExpressionTrees\ExpressionTrees.csproj", "{A5C5FA8C-B36F-40E1-9295-ECC0B0088DC8}"
EndProject
Global
	GlobalSection(SolutionConfigurationPlatforms) = preSolution
		Debug|Any CPU = Debug|Any CPU
		Release|Any CPU = Release|Any CPU
	EndGlobalSection
	GlobalSection(ProjectConfigurationPlatforms) = postSolution
		{A5C5FA8C-B36F-40E1-9295-ECC0B0088DC8}.Debug|Any CPU.ActiveCfg = Debug|Any CPU
		{A5C5FA8C-B36F-40E1-9295-ECC0B0088DC8}.Debug|Any CPU.Build.0 = Debug|Any CPU
		{A5C5FA8C-B36F-40E1-9295-ECC0B0088DC8}.Release|Any CPU.ActiveCfg = Release|Any CPU
		{A5C5FA8C-B36F-40E1-9295-ECC0B0088DC8}.Release|Any CPU.Build.0 = Release|Any CPU
	EndGlobalSection
	GlobalSection(SolutionProperties) = preSolution
		HideSolutionNode = FALSE
	EndGlobalSection
	GlobalSection(ExtensibilityGlobals) = postSolution
		SolutionGuid = {9CBAA89A-32E3-4D02-8536-EA9F56BF6496}
	EndGlobalSection
EndGlobal
